{
  "name": "zisi-bot",
  "version": "2.0.0",
  "lockfileVersion": 3,
  "requires": true,
  "packages": {
    "": {
      "name": "zisi-bot",
      "version": "2.0.0",
      "dependencies": {
        "@azure/mcp-win32-x64": "^3.0.0-beta.15"
      }
    },
    "node_modules/@azure/mcp-win32-x64": {
      "version": "3.0.0-beta.15",
      "resolved": "https://registry.npmjs.org/@azure/mcp-win32-x64/-/mcp-win32-x64-3.0.0-beta.15.tgz",
      "integrity": "sha512-EIXAHpVpiLPuScZz5eiv4EIf9zKbkdKyGkutCOhmCIwE4osRBH4Eo88vmojF6ycBNrjpKUS6SOUN1S5OHBIxSw==",
      "cpu": [
        "x64"
      ],
      "license": "MIT",
      "os": [
        "win32"
      ],
      "bin": {
        "azmcp-win32-x64": "dist/azmcp.exe"
      },
      "engines": {
        "node": ">=20.0.0"
      }
    }
  }
}
