Microsoft Visual Studio Solution File, Format Version 12.00
# Visual Studio Version 17
VisualStudioVersion = 17.5.2.0
MinimumVisualStudioVersion = 10.0.40219.1
Project("{2150E333-8FDC-42A3-9474-1A3956D46DE8}") = ".claude", ".claude", "{0AE7C77C-1A1D-D779-8C60-7AB6E4421D01}"
EndProject
Project("{2150E333-8FDC-42A3-9474-1A3956D46DE8}") = "worktrees", "worktrees", "{79802797-6956-8DCE-3D78-6FFCDB44B84D}"
EndProject
Project("{2150E333-8FDC-42A3-9474-1A3956D46DE8}") = "great-chaum-a538c0", "great-chaum-a538c0", "{D64A2801-3EBA-D0D2-BBB5-03D0B7BB9B8C}"
EndProject
Project("{2150E333-8FDC-42A3-9474-1A3956D46DE8}") = "Downloads", "Downloads", "{3ACD49A9-81FD-715D-BE2E-F562ACBF092D}"
EndProject
Project("{2150E333-8FDC-42A3-9474-1A3956D46DE8}") = "NexaAI", "NexaAI", "{8E170E7D-A09E-CC0E-A3C1-5F66EA3B4CA7}"
EndProject
Project("{FAE04EC0-301F-11D3-BF4B-00C04F79EFBC}") = "NexaAI", ".claude\worktrees\great-chaum-a538c0\Downloads\NexaAI\NexaAI\NexaAI.csproj", "{5E3D3A80-3D69-81CB-2EF9-3E7927AD9EC2}"
EndProject
Global
	GlobalSection(SolutionConfigurationPlatforms) = preSolution
		Debug|Any CPU = Debug|Any CPU
		Release|Any CPU = Release|Any CPU
	EndGlobalSection
	GlobalSection(ProjectConfigurationPlatforms) = postSolution
		{5E3D3A80-3D69-81CB-2EF9-3E7927AD9EC2}.Debug|Any CPU.ActiveCfg = Debug|Any CPU
		{5E3D3A80-3D69-81CB-2EF9-3E7927AD9EC2}.Debug|Any CPU.Build.0 = Debug|Any CPU
		{5E3D3A80-3D69-81CB-2EF9-3E7927AD9EC2}.Release|Any CPU.ActiveCfg = Release|Any CPU
		{5E3D3A80-3D69-81CB-2EF9-3E7927AD9EC2}.Release|Any CPU.Build.0 = Release|Any CPU
	EndGlobalSection
	GlobalSection(SolutionProperties) = preSolution
		HideSolutionNode = FALSE
	EndGlobalSection
	GlobalSection(NestedProjects) = preSolution
		{79802797-6956-8DCE-3D78-6FFCDB44B84D} = {0AE7C77C-1A1D-D779-8C60-7AB6E4421D01}
		{D64A2801-3EBA-D0D2-BBB5-03D0B7BB9B8C} = {79802797-6956-8DCE-3D78-6FFCDB44B84D}
		{3ACD49A9-81FD-715D-BE2E-F562ACBF092D} = {D64A2801-3EBA-D0D2-BBB5-03D0B7BB9B8C}
		{8E170E7D-A09E-CC0E-A3C1-5F66EA3B4CA7} = {3ACD49A9-81FD-715D-BE2E-F562ACBF092D}
		{5E3D3A80-3D69-81CB-2EF9-3E7927AD9EC2} = {8E170E7D-A09E-CC0E-A3C1-5F66EA3B4CA7}
	EndGlobalSection
	GlobalSection(ExtensibilityGlobals) = postSolution
		SolutionGuid = {0C0DC704-30B7-4A9D-9E92-BEF0A9B11594}
	EndGlobalSection
EndGlobal
